// !$*UTF8*$!
{
	archiveVersion = 1;
	classes = {
	};
	objectVersion = 46;
	objects = {

/* Begin PBXBuildFile section */
		A487001B1BC4111A00D13FA4 /* NewIslandTableViewController.swift in Sources */ = {isa = PBXBuildFile; fileRef = A487001A1BC4111900D13FA4 /* NewIslandTableViewController.swift */; settings = {ASSET_TAGS = (); }; };
		A4CB85111BBACC7C0038602A /* AppDelegate.swift in Sources */ = {isa = PBXBuildFile; fileRef = A4CB85101BBACC7C0038602A /* AppDelegate.swift */; };
		A4CB85161BBACC7C0038602A /* Main.storyboard in Resources */ = {isa = PBXBuildFile; fileRef = A4CB85141BBACC7C0038602A /* Main.storyboard */; };
		A4CB85181BBACC7C0038602A /* Assets.xcassets in Resources */ = {isa = PBXBuildFile; fileRef = A4CB85171BBACC7C0038602A /* Assets.xcassets */; };
		A4CB851B1BBACC7C0038602A /* LaunchScreen.storyboard in Resources */ = {isa = PBXBuildFile; fileRef = A4CB85191BBACC7C0038602A /* LaunchScreen.storyboard */; };
		A4CB85261BBACC7C0038602A /* ZegiestowskyGreekIslandsWithSegueTests.swift in Sources */ = {isa = PBXBuildFile; fileRef = A4CB85251BBACC7C0038602A /* ZegiestowskyGreekIslandsWithSegueTests.swift */; };
		A4CB85311BBACC7C0038602A /* ZegiestowskyGreekIslandsWithSegueUITests.swift in Sources */ = {isa = PBXBuildFile; fileRef = A4CB85301BBACC7C0038602A /* ZegiestowskyGreekIslandsWithSegueUITests.swift */; };
		A4CB853F1BBACE900038602A /* TableViewController.swift in Sources */ = {isa = PBXBuildFile; fileRef = A4CB853E1BBACE900038602A /* TableViewController.swift */; settings = {ASSET_TAGS = (); }; };
		A4CB85411BBAD2110038602A /* GreekIslandModel.swift in Sources */ = {isa = PBXBuildFile; fileRef = A4CB85401BBAD2110038602A /* GreekIslandModel.swift */; settings = {ASSET_TAGS = (); }; };
		A4CB85431BBAD9760038602A /* DetailsViewController.swift in Sources */ = {isa = PBXBuildFile; fileRef = A4CB85421BBAD9760038602A /* DetailsViewController.swift */; settings = {ASSET_TAGS = (); }; };
/* End PBXBuildFile section */

/* Begin PBXContainerItemProxy section */
		A4CB85221BBACC7C0038602A /* PBXContainerItemProxy */ = {
			isa = PBXContainerItemProxy;
			containerPortal = A4CB85051BBACC7C0038602A /* Project object */;
			proxyType = 1;
			remoteGlobalIDString = A4CB850C1BBACC7C0038602A;
			remoteInfo = ZegiestowskyGreekIslandsWithSegue;
		};
		A4CB852D1BBACC7C0038602A /* PBXContainerItemProxy */ = {
			isa = PBXContainerItemProxy;
			containerPortal = A4CB85051BBACC7C0038602A /* Project object */;
			proxyType = 1;
			remoteGlobalIDString = A4CB850C1BBACC7C0038602A;
			remoteInfo = ZegiestowskyGreekIslandsWithSegue;
		};
/* End PBXContainerItemProxy section */

/* Begin PBXFileReference section */
		A487001A1BC4111900D13FA4 /* NewIslandTableViewController.swift */ = {isa = PBXFileReference; fileEncoding = 4; lastKnownFileType = sourcecode.swift; name = NewIslandTableViewController.swift; path = ../NewIslandTableViewController.swift; sourceTree = "<group>"; };
		A4CB850D1BBACC7C0038602A /* ZegiestowskyGreekIslandsWithSegue.app */ = {isa = PBXFileReference; explicitFileType = wrapper.application; includeInIndex = 0; path = ZegiestowskyGreekIslandsWithSegue.app; sourceTree = BUILT_PRODUCTS_DIR; };
		A4CB85101BBACC7C0038602A /* AppDelegate.swift */ = {isa = PBXFileReference; lastKnownFileType = sourcecode.swift; path = AppDelegate.swift; sourceTree = "<group>"; };
		A4CB85151BBACC7C0038602A /* Base */ = {isa = PBXFileReference; lastKnownFileType = file.storyboard; name = Base; path = Base.lproj/Main.storyboard; sourceTree = "<group>"; };
		A4CB85171BBACC7C0038602A /* Assets.xcassets */ = {isa = PBXFileReference; lastKnownFileType = folder.assetcatalog; path = Assets.xcassets; sourceTree = "<group>"; };
		A4CB851A1BBACC7C0038602A /* Base */ = {isa = PBXFileReference; lastKnownFileType = file.storyboard; name = Base; path = Base.lproj/LaunchScreen.storyboard; sourceTree = "<group>"; };
		A4CB851C1BBACC7C0038602A /* Info.plist */ = {isa = PBXFileReference; lastKnownFileType = text.plist.xml; path = Info.plist; sourceTree = "<group>"; };
		A4CB85211BBACC7C0038602A /* ZegiestowskyGreekIslandsWithSegueTests.xctest */ = {isa = PBXFileReference; explicitFileType = wrapper.cfbundle; includeInIndex = 0; path = ZegiestowskyGreekIslandsWithSegueTests.xctest; sourceTree = BUILT_PRODUCTS_DIR; };
		A4CB85251BBACC7C0038602A /* ZegiestowskyGreekIslandsWithSegueTests.swift */ = {isa = PBXFileReference; lastKnownFileType = sourcecode.swift; path = ZegiestowskyGreekIslandsWithSegueTests.swift; sourceTree = "<group>"; };
		A4CB85271BBACC7C0038602A /* Info.plist */ = {isa = PBXFileReference; lastKnownFileType = text.plist.xml; path = Info.plist; sourceTree = "<group>"; };
		A4CB852C1BBACC7C0038602A /* ZegiestowskyGreekIslandsWithSegueUITests.xctest */ = {isa = PBXFileReference; explicitFileType = wrapper.cfbundle; includeInIndex = 0; path = ZegiestowskyGreekIslandsWithSegueUITests.xctest; sourceTree = BUILT_PRODUCTS_DIR; };
		A4CB85301BBACC7C0038602A /* ZegiestowskyGreekIslandsWithSegueUITests.swift */ = {isa = PBXFileReference; lastKnownFileType = sourcecode.swift; path = ZegiestowskyGreekIslandsWithSegueUITests.swift; sourceTree = "<group>"; };
		A4CB85321BBACC7C0038602A /* Info.plist */ = {isa = PBXFileReference; lastKnownFileType = text.plist.xml; path = Info.plist; sourceTree = "<group>"; };
		A4CB853E1BBACE900038602A /* TableViewController.swift */ = {isa = PBXFileReference; fileEncoding = 4; lastKnownFileType = sourcecode.swift; name = TableViewController.swift; path = ../TableViewController.swift; sourceTree = "<group>"; };
		A4CB85401BBAD2110038602A /* GreekIslandModel.swift */ = {isa = PBXFileReference; fileEncoding = 4; lastKnownFileType = sourcecode.swift; name = GreekIslandModel.swift; path = ../GreekIslandModel.swift; sourceTree = "<group>"; };
		A4CB85421BBAD9760038602A /* DetailsViewController.swift */ = {isa = PBXFileReference; fileEncoding = 4; lastKnownFileType = sourcecode.swift; name = DetailsViewController.swift; path = ../DetailsViewController.swift; sourceTree = "<group>"; };
/* End PBXFileReference section */

/* Begin PBXFrameworksBuildPhase section */
		A4CB850A1BBACC7C0038602A /* Frameworks */ = {
			isa = PBXFrameworksBuildPhase;
			buildActionMask = 2147483647;
			files = (
			);
			runOnlyForDeploymentPostprocessing = 0;
		};
		A4CB851E1BBACC7C0038602A /* Frameworks */ = {
			isa = PBXFrameworksBuildPhase;
			buildActionMask = 2147483647;
			files = (
			);
			runOnlyForDeploymentPostprocessing = 0;
		};
		A4CB85291BBACC7C0038602A /* Frameworks */ = {
			isa = PBXFrameworksBuildPhase;
			buildActionMask = 2147483647;
			files = (
			);
			runOnlyForDeploymentPostprocessing = 0;
		};
/* End PBXFrameworksBuildPhase section */

/* Begin PBXGroup section */
		A4CB85041BBACC7B0038602A = {
			isa = PBXGroup;
			children = (
				A4CB850F1BBACC7C0038602A /* ZegiestowskyGreekIslandsWithSegue */,
				A4CB85241BBACC7C0038602A /* ZegiestowskyGreekIslandsWithSegueTests */,
				A4CB852F1BBACC7C0038602A /* ZegiestowskyGreekIslandsWithSegueUITests */,
				A4CB850E1BBACC7C0038602A /* Products */,
			);
			sourceTree = "<group>";
		};
		A4CB850E1BBACC7C0038602A /* Products */ = {
			isa = PBXGroup;
			children = (
				A4CB850D1BBACC7C0038602A /* ZegiestowskyGreekIslandsWithSegue.app */,
				A4CB85211BBACC7C0038602A /* ZegiestowskyGreekIslandsWithSegueTests.xctest */,
				A4CB852C1BBACC7C0038602A /* ZegiestowskyGreekIslandsWithSegueUITests.xctest */,
			);
			name = Products;
			sourceTree = "<group>";
		};
		A4CB850F1BBACC7C0038602A /* ZegiestowskyGreekIslandsWithSegue */ = {
			isa = PBXGroup;
			children = (
				A487001A1BC4111900D13FA4 /* NewIslandTableViewController.swift */,
				A4CB85101BBACC7C0038602A /* AppDelegate.swift */,
				A4CB85421BBAD9760038602A /* DetailsViewController.swift */,
				A4CB85401BBAD2110038602A /* GreekIslandModel.swift */,
				A4CB853E1BBACE900038602A /* TableViewController.swift */,
				A4CB85141BBACC7C0038602A /* Main.storyboard */,
				A4CB85171BBACC7C0038602A /* Assets.xcassets */,
				A4CB85191BBACC7C0038602A /* LaunchScreen.storyboard */,
				A4CB851C1BBACC7C0038602A /* Info.plist */,
			);
			path = ZegiestowskyGreekIslandsWithSegue;
			sourceTree = "<group>";
		};
		A4CB85241BBACC7C0038602A /* ZegiestowskyGreekIslandsWithSegueTests */ = {
			isa = PBXGroup;
			children = (
				A4CB85251BBACC7C0038602A /* ZegiestowskyGreekIslandsWithSegueTests.swift */,
				A4CB85271BBACC7C0038602A /* Info.plist */,
			);
			path = ZegiestowskyGreekIslandsWithSegueTests;
			sourceTree = "<group>";
		};
		A4CB852F1BBACC7C0038602A /* ZegiestowskyGreekIslandsWithSegueUITests */ = {
			isa = PBXGroup;
			children = (
				A4CB85301BBACC7C0038602A /* ZegiestowskyGreekIslandsWithSegueUITests.swift */,
				A4CB85321BBACC7C0038602A /* Info.plist */,
			);
			path = ZegiestowskyGreekIslandsWithSegueUITests;
			sourceTree = "<group>";
		};
/* End PBXGroup section */

/* Begin PBXNativeTarget section */
		A4CB850C1BBACC7C0038602A /* ZegiestowskyGreekIslandsWithSegue */ = {
			isa = PBXNativeTarget;
			buildConfigurationList = A4CB85351BBACC7C0038602A /* Build configuration list for PBXNativeTarget "ZegiestowskyGreekIslandsWithSegue" */;
			buildPhases = (
				A4CB85091BBACC7C0038602A /* Sources */,
				A4CB850A1BBACC7C0038602A /* Frameworks */,
				A4CB850B1BBACC7C0038602A /* Resources */,
			);
			buildRules = (
			);
			dependencies = (
			);
			name = ZegiestowskyGreekIslandsWithSegue;
			productName = ZegiestowskyGreekIslandsWithSegue;
			productReference = A4CB850D1BBACC7C0038602A /* ZegiestowskyGreekIslandsWithSegue.app */;
			productType = "com.apple.product-type.application";
		};
		A4CB85201BBACC7C0038602A /* ZegiestowskyGreekIslandsWithSegueTests */ = {
			isa = PBXNativeTarget;
			buildConfigurationList = A4CB85381BBACC7C0038602A /* Build configuration list for PBXNativeTarget "ZegiestowskyGreekIslandsWithSegueTests" */;
			buildPhases = (
				A4CB851D1BBACC7C0038602A /* Sources */,
				A4CB851E1BBACC7C0038602A /* Frameworks */,
				A4CB851F1BBACC7C0038602A /* Resources */,
			);
			buildRules = (
			);
			dependencies = (
				A4CB85231BBACC7C0038602A /* PBXTargetDependency */,
			);
			name = ZegiestowskyGreekIslandsWithSegueTests;
			productName = ZegiestowskyGreekIslandsWithSegueTests;
			productReference = A4CB85211BBACC7C0038602A /* ZegiestowskyGreekIslandsWithSegueTests.xctest */;
			productType = "com.apple.product-type.bundle.unit-test";
		};
		A4CB852B1BBACC7C0038602A /* ZegiestowskyGreekIslandsWithSegueUITests */ = {
			isa = PBXNativeTarget;
			buildConfigurationList = A4CB853B1BBACC7C0038602A /* Build configuration list for PBXNativeTarget "ZegiestowskyGreekIslandsWithSegueUITests" */;
			buildPhases = (
				A4CB85281BBACC7C0038602A /* Sources */,
				A4CB85291BBACC7C0038602A /* Frameworks */,
				A4CB852A1BBACC7C0038602A /* Resources */,
			);
			buildRules = (
			);
			dependencies = (
				A4CB852E1BBACC7C0038602A /* PBXTargetDependency */,
			);
			name = ZegiestowskyGreekIslandsWithSegueUITests;
			productName = ZegiestowskyGreekIslandsWithSegueUITests;
			productReference = A4CB852C1BBACC7C0038602A /* ZegiestowskyGreekIslandsWithSegueUITests.xctest */;
			productType = "com.apple.product-type.bundle.ui-testing";
		};
/* End PBXNativeTarget section */

/* Begin PBXProject section */
		A4CB85051BBACC7C0038602A /* Project object */ = {
			isa = PBXProject;
			attributes = {
				LastUpgradeCheck = 0700;
				ORGANIZATIONNAME = "Zegiestowsky, Ashley";
				TargetAttributes = {
					A4CB850C1BBACC7C0038602A = {
						CreatedOnToolsVersion = 7.0.1;
					};
					A4CB85201BBACC7C0038602A = {
						CreatedOnToolsVersion = 7.0.1;
						TestTargetID = A4CB850C1BBACC7C0038602A;
					};
					A4CB852B1BBACC7C0038602A = {
						CreatedOnToolsVersion = 7.0.1;
						TestTargetID = A4CB850C1BBACC7C0038602A;
					};
				};
			};
			buildConfigurationList = A4CB85081BBACC7C0038602A /* Build configuration list for PBXProject "ZegiestowskyGreekIslandsWithSegue" */;
			compatibilityVersion = "Xcode 3.2";
			developmentRegion = English;
			hasScannedForEncodings = 0;
			knownRegions = (
				en,
				Base,
			);
			mainGroup = A4CB85041BBACC7B0038602A;
			productRefGroup = A4CB850E1BBACC7C0038602A /* Products */;
			projectDirPath = "";
			projectRoot = "";
			targets = (
				A4CB850C1BBACC7C0038602A /* ZegiestowskyGreekIslandsWithSegue */,
				A4CB85201BBACC7C0038602A /* ZegiestowskyGreekIslandsWithSegueTests */,
				A4CB852B1BBACC7C0038602A /* ZegiestowskyGreekIslandsWithSegueUITests */,
			);
		};
/* End PBXProject section */

/* Begin PBXResourcesBuildPhase section */
		A4CB850B1BBACC7C0038602A /* Resources */ = {
			isa = PBXResourcesBuildPhase;
			buildActionMask = 2147483647;
			files = (
				A4CB851B1BBACC7C0038602A /* LaunchScreen.storyboard in Resources */,
				A4CB85181BBACC7C0038602A /* Assets.xcassets in Resources */,
				A4CB85161BBACC7C0038602A /* Main.storyboard in Resources */,
			);
			runOnlyForDeploymentPostprocessing = 0;
		};
		A4CB851F1BBACC7C0038602A /* Resources */ = {
			isa = PBXResourcesBuildPhase;
			buildActionMask = 2147483647;
			files = (
			);
			runOnlyForDeploymentPostprocessing = 0;
		};
		A4CB852A1BBACC7C0038602A /* Resources */ = {
			isa = PBXResourcesBuildPhase;
			buildActionMask = 2147483647;
			files = (
			);
			runOnlyForDeploymentPostprocessing = 0;
		};
/* End PBXResourcesBuildPhase section */

/* Begin PBXSourcesBuildPhase section */
		A4CB85091BBACC7C0038602A /* Sources */ = {
			isa = PBXSourcesBuildPhase;
			buildActionMask = 2147483647;
			files = (
				A487001B1BC4111A00D13FA4 /* NewIslandTableViewController.swift in Sources */,
				A4CB85111BBACC7C0038602A /* AppDelegate.swift in Sources */,
				A4CB85411BBAD2110038602A /* GreekIslandModel.swift in Sources */,
				A4CB853F1BBACE900038602A /* TableViewController.swift in Sources */,
				A4CB85431BBAD9760038602A /* DetailsViewController.swift in Sources */,
			);
			runOnlyForDeploymentPostprocessing = 0;
		};
		A4CB851D1BBACC7C0038602A /* Sources */ = {
			isa = PBXSourcesBuildPhase;
			buildActionMask = 2147483647;
			files = (
				A4CB85261BBACC7C0038602A /* ZegiestowskyGreekIslandsWithSegueTests.swift in Sources */,
			);
			runOnlyForDeploymentPostprocessing = 0;
		};
		A4CB85281BBACC7C0038602A /* Sources */ = {
			isa = PBXSourcesBuildPhase;
			buildActionMask = 2147483647;
			files = (
				A4CB85311BBACC7C0038602A /* ZegiestowskyGreekIslandsWithSegueUITests.swift in Sources */,
			);
			runOnlyForDeploymentPostprocessing = 0;
		};
/* End PBXSourcesBuildPhase section */

/* Begin PBXTargetDependency section */
		A4CB85231BBACC7C0038602A /* PBXTargetDependency */ = {
			isa = PBXTargetDependency;
			target = A4CB850C1BBACC7C0038602A /* ZegiestowskyGreekIslandsWithSegue */;
			targetProxy = A4CB85221BBACC7C0038602A /* PBXContainerItemProxy */;
		};
		A4CB852E1BBACC7C0038602A /* PBXTargetDependency */ = {
			isa = PBXTargetDependency;
			target = A4CB850C1BBACC7C0038602A /* ZegiestowskyGreekIslandsWithSegue */;
			targetProxy = A4CB852D1BBACC7C0038602A /* PBXContainerItemProxy */;
		};
/* End PBXTargetDependency section */

/* Begin PBXVariantGroup section */
		A4CB85141BBACC7C0038602A /* Main.storyboard */ = {
			isa = PBXVariantGroup;
			children = (
				A4CB85151BBACC7C0038602A /* Base */,
			);
			name = Main.storyboard;
			sourceTree = "<group>";
		};
		A4CB85191BBACC7C0038602A /* LaunchScreen.storyboard */ = {
			isa = PBXVariantGroup;
			children = (
				A4CB851A1BBACC7C0038602A /* Base */,
			);
			name = LaunchScreen.storyboard;
			sourceTree = "<group>";
		};
/* End PBXVariantGroup section */

/* Begin XCBuildConfiguration section */
		A4CB85331BBACC7C0038602A /* Debug */ = {
			isa = XCBuildConfiguration;
			buildSettings = {
				ALWAYS_SEARCH_USER_PATHS = NO;
				CLANG_CXX_LANGUAGE_STANDARD = "gnu++0x";
				CLANG_CXX_LIBRARY = "libc++";
				CLANG_ENABLE_MODULES = YES;
				CLANG_ENABLE_OBJC_ARC = YES;
				CLANG_WARN_BOOL_CONVERSION = YES;
				CLANG_WARN_CONSTANT_CONVERSION = YES;
				CLANG_WARN_DIRECT_OBJC_ISA_USAGE = YES_ERROR;
				CLANG_WARN_EMPTY_BODY = YES;
				CLANG_WARN_ENUM_CONVERSION = YES;
				CLANG_WARN_INT_CONVERSION = YES;
				CLANG_WARN_OBJC_ROOT_CLASS = YES_ERROR;
				CLANG_WARN_UNREACHABLE_CODE = YES;
				CLANG_WARN__DUPLICATE_METHOD_MATCH = YES;
				"CODE_SIGN_IDENTITY[sdk=iphoneos*]" = "iPhone Developer";
				COPY_PHASE_STRIP = NO;
				DEBUG_INFORMATION_FORMAT = dwarf;
				ENABLE_STRICT_OBJC_MSGSEND = YES;
				ENABLE_TESTABILITY = YES;
				GCC_C_LANGUAGE_STANDARD = gnu99;
				GCC_DYNAMIC_NO_PIC = NO;
				GCC_NO_COMMON_BLOCKS = YES;
				GCC_OPTIMIZATION_LEVEL = 0;
				GCC_PREPROCESSOR_DEFINITIONS = (
					"DEBUG=1",
					"$(inherited)",
				);
				GCC_WARN_64_TO_32_BIT_CONVERSION = YES;
				GCC_WARN_ABOUT_RETURN_TYPE = YES_ERROR;
				GCC_WARN_UNDECLARED_SELECTOR = YES;
				GCC_WARN_UNINITIALIZED_AUTOS = YES_AGGRESSIVE;
				GCC_WARN_UNUSED_FUNCTION = YES;
				GCC_WARN_UNUSED_VARIABLE = YES;
				IPHONEOS_DEPLOYMENT_TARGET = 9.0;
				MTL_ENABLE_DEBUG_INFO = YES;
				ONLY_ACTIVE_ARCH = YES;
				SDKROOT = iphoneos;
				SWIFT_OPTIMIZATION_LEVEL = "-Onone";
			};
			name = Debug;
		};
		A4CB85341BBACC7C0038602A /* Release */ = {
			isa = XCBuildConfiguration;
			buildSettings = {
				ALWAYS_SEARCH_USER_PATHS = NO;
				CLANG_CXX_LANGUAGE_STANDARD = "gnu++0x";
				CLANG_CXX_LIBRARY = "libc++";
				CLANG_ENABLE_MODULES = YES;
				CLANG_ENABLE_OBJC_ARC = YES;
				CLANG_WARN_BOOL_CONVERSION = YES;
				CLANG_WARN_CONSTANT_CONVERSION = YES;
				CLANG_WARN_DIRECT_OBJC_ISA_USAGE = YES_ERROR;
				CLANG_WARN_EMPTY_BODY = YES;
				CLANG_WARN_ENUM_CONVERSION = YES;
				CLANG_WARN_INT_CONVERSION = YES;
				CLANG_WARN_OBJC_ROOT_CLASS = YES_ERROR;
				CLANG_WARN_UNREACHABLE_CODE = YES;
				CLANG_WARN__DUPLICATE_METHOD_MATCH = YES;
				"CODE_SIGN_IDENTITY[sdk=iphoneos*]" = "iPhone Developer";
				COPY_PHASE_STRIP = NO;
				DEBUG_INFORMATION_FORMAT = "dwarf-with-dsym";
				ENABLE_NS_ASSERTIONS = NO;
				ENABLE_STRICT_OBJC_MSGSEND = YES;
				GCC_C_LANGUAGE_STANDARD = gnu99;
				GCC_NO_COMMON_BLOCKS = YES;
				GCC_WARN_64_TO_32_BIT_CONVERSION = YES;
				GCC_WARN_ABOUT_RETURN_TYPE = YES_ERROR;
				GCC_WARN_UNDECLARED_SELECTOR = YES;
				GCC_WARN_UNINITIALIZED_AUTOS = YES_AGGRESSIVE;
				GCC_WARN_UNUSED_FUNCTION = YES;
				GCC_WARN_UNUSED_VARIABLE = YES;
				IPHONEOS_DEPLOYMENT_TARGET = 9.0;
				MTL_ENABLE_DEBUG_INFO = NO;
				SDKROOT = iphoneos;
				VALIDATE_PRODUCT = YES;
			};
			name = Release;
		};
		A4CB85361BBACC7C0038602A /* Debug */ = {
			isa = XCBuildConfiguration;
			buildSettings = {
				ASSETCATALOG_COMPILER_APPICON_NAME = AppIcon;
				INFOPLIST_FILE = ZegiestowskyGreekIslandsWithSegue/Info.plist;
				LD_RUNPATH_SEARCH_PATHS = "$(inherited) @executable_path/Frameworks";
				PRODUCT_BUNDLE_IDENTIFIER = Butler.ZegiestowskyGreekIslandsWithSegue;
				PRODUCT_NAME = "$(TARGET_NAME)";
			};
			name = Debug;
		};
		A4CB85371BBACC7C0038602A /* Release */ = {
			isa = XCBuildConfiguration;
			buildSettings = {
				ASSETCATALOG_COMPILER_APPICON_NAME = AppIcon;
				INFOPLIST_FILE = ZegiestowskyGreekIslandsWithSegue/Info.plist;
				LD_RUNPATH_SEARCH_PATHS = "$(inherited) @executable_path/Frameworks";
				PRODUCT_BUNDLE_IDENTIFIER = Butler.ZegiestowskyGreekIslandsWithSegue;
				PRODUCT_NAME = "$(TARGET_NAME)";
			};
			name = Release;
		};
		A4CB85391BBACC7C0038602A /* Debug */ = {
			isa = XCBuildConfiguration;
			buildSettings = {
				BUNDLE_LOADER = "$(TEST_HOST)";
				INFOPLIST_FILE = ZegiestowskyGreekIslandsWithSegueTests/Info.plist;
				LD_RUNPATH_SEARCH_PATHS = "$(inherited) @executable_path/Frameworks @loader_path/Frameworks";
				PRODUCT_BUNDLE_IDENTIFIER = Butler.ZegiestowskyGreekIslandsWithSegueTests;
				PRODUCT_NAME = "$(TARGET_NAME)";
				TEST_HOST = "$(BUILT_PRODUCTS_DIR)/ZegiestowskyGreekIslandsWithSegue.app/ZegiestowskyGreekIslandsWithSegue";
			};
			name = Debug;
		};
		A4CB853A1BBACC7C0038602A /* Release */ = {
			isa = XCBuildConfiguration;
			buildSettings = {
				BUNDLE_LOADER = "$(TEST_HOST)";
				INFOPLIST_FILE = ZegiestowskyGreekIslandsWithSegueTests/Info.plist;
				LD_RUNPATH_SEARCH_PATHS = "$(inherited) @executable_path/Frameworks @loader_path/Frameworks";
				PRODUCT_BUNDLE_IDENTIFIER = Butler.ZegiestowskyGreekIslandsWithSegueTests;
				PRODUCT_NAME = "$(TARGET_NAME)";
				TEST_HOST = "$(BUILT_PRODUCTS_DIR)/ZegiestowskyGreekIslandsWithSegue.app/ZegiestowskyGreekIslandsWithSegue";
			};
			name = Release;
		};
		A4CB853C1BBACC7C0038602A /* Debug */ = {
			isa = XCBuildConfiguration;
			buildSettings = {
				INFOPLIST_FILE = ZegiestowskyGreekIslandsWithSegueUITests/Info.plist;
				LD_RUNPATH_SEARCH_PATHS = "$(inherited) @executable_path/Frameworks @loader_path/Frameworks";
				PRODUCT_BUNDLE_IDENTIFIER = Butler.ZegiestowskyGreekIslandsWithSegueUITests;
				PRODUCT_NAME = "$(TARGET_NAME)";
				TEST_TARGET_NAME = ZegiestowskyGreekIslandsWithSegue;
				USES_XCTRUNNER = YES;
			};
			name = Debug;
		};
		A4CB853D1BBACC7C0038602A /* Release */ = {
			isa = XCBuildConfiguration;
			buildSettings = {
				INFOPLIST_FILE = ZegiestowskyGreekIslandsWithSegueUITests/Info.plist;
				LD_RUNPATH_SEARCH_PATHS = "$(inherited) @executable_path/Frameworks @loader_path/Frameworks";
				PRODUCT_BUNDLE_IDENTIFIER = Butler.ZegiestowskyGreekIslandsWithSegueUITests;
				PRODUCT_NAME = "$(TARGET_NAME)";
				TEST_TARGET_NAME = ZegiestowskyGreekIslandsWithSegue;
				USES_XCTRUNNER = YES;
			};
			name = Release;
		};
/* End XCBuildConfiguration section */

/* Begin XCConfigurationList section */
		A4CB85081BBACC7C0038602A /* Build configuration list for PBXProject "ZegiestowskyGreekIslandsWithSegue" */ = {
			isa = XCConfigurationList;
			buildConfigurations = (
				A4CB85331BBACC7C0038602A /* Debug */,
				A4CB85341BBACC7C0038602A /* Release */,
			);
			defaultConfigurationIsVisible = 0;
			defaultConfigurationName = Release;
		};
		A4CB85351BBACC7C0038602A /* Build configuration list for PBXNativeTarget "ZegiestowskyGreekIslandsWithSegue" */ = {
			isa = XCConfigurationList;
			buildConfigurations = (
				A4CB85361BBACC7C0038602A /* Debug */,
				A4CB85371BBACC7C0038602A /* Release */,
			);
			defaultConfigurationIsVisible = 0;
			defaultConfigurationName = Release;
		};
		A4CB85381BBACC7C0038602A /* Build configuration list for PBXNativeTarget "ZegiestowskyGreekIslandsWithSegueTests" */ = {
			isa = XCConfigurationList;
			buildConfigurations = (
				A4CB85391BBACC7C0038602A /* Debug */,
				A4CB853A1BBACC7C0038602A /* Release */,
			);
			defaultConfigurationIsVisible = 0;
			defaultConfigurationName = Release;
		};
		A4CB853B1BBACC7C0038602A /* Build configuration list for PBXNativeTarget "ZegiestowskyGreekIslandsWithSegueUITests" */ = {
			isa = XCConfigurationList;
			buildConfigurations = (
				A4CB853C1BBACC7C0038602A /* Debug */,
				A4CB853D1BBACC7C0038602A /* Release */,
			);
			defaultConfigurationIsVisible = 0;
			defaultConfigurationName = Release;
		};
/* End XCConfigurationList section */
	};
	rootObject = A4CB85051BBACC7C0038602A /* Project object */;
}
